// !$*UTF8*$!
{
	archiveVersion = 1;
	classes = {
	};
	objectVersion = 46;
	objects = {

/* Begin PBXBuildFile section */
		3A4C41361D780D4F00934CD6 /* LaunchLiveViewController.xib in Resources */ = {isa = PBXBuildFile; fileRef = 3A4C41351D780D4F00934CD6 /* LaunchLiveViewController.xib */; };
		3A7ED1D51CFC39920077097B /* ALAirplayView.m in Sources */ = {isa = PBXBuildFile; fileRef = 3A7ED1841CFC39920077097B /* ALAirplayView.m */; };
		3A7ED1D61CFC39920077097B /* ALButton.m in Sources */ = {isa = PBXBuildFile; fileRef = 3A7ED1861CFC39920077097B /* ALButton.m */; };
		3A7ED1D71CFC39920077097B /* ALMoviePlayerController.m in Sources */ = {isa = PBXBuildFile; fileRef = 3A7ED1881CFC39920077097B /* ALMoviePlayerController.m */; };
		3A7ED1D81CFC39920077097B /* ALMoviePlayerControls.m in Sources */ = {isa = PBXBuildFile; fileRef = 3A7ED18A1CFC39920077097B /* ALMoviePlayerControls.m */; };
		3A7ED1D91CFC39920077097B /* movieBackward.png in Resources */ = {isa = PBXBuildFile; fileRef = 3A7ED18C1CFC39920077097B /* movieBackward.png */; };
		3A7ED1DA1CFC39920077097B /* movieBackward@2x.png in Resources */ = {isa = PBXBuildFile; fileRef = 3A7ED18D1CFC39920077097B /* movieBackward@2x.png */; };
		3A7ED1DB1CFC39920077097B /* movieBackwardSelected.png in Resources */ = {isa = PBXBuildFile; fileRef = 3A7ED18E1CFC39920077097B /* movieBackwardSelected.png */; };
		3A7ED1DC1CFC39920077097B /* movieBackwardSelected@2x.png in Resources */ = {isa = PBXBuildFile; fileRef = 3A7ED18F1CFC39920077097B /* movieBackwardSelected@2x.png */; };
		3A7ED1DD1CFC39920077097B /* movieEndFullscreen.png in Resources */ = {isa = PBXBuildFile; fileRef = 3A7ED1901CFC39920077097B /* movieEndFullscreen.png */; };
		3A7ED1DE1CFC39920077097B /* movieEndFullscreen@2x.png in Resources */ = {isa = PBXBuildFile; fileRef = 3A7ED1911CFC39920077097B /* movieEndFullscreen@2x.png */; };
		3A7ED1DF1CFC39920077097B /* movieForward.png in Resources */ = {isa = PBXBuildFile; fileRef = 3A7ED1921CFC39920077097B /* movieForward.png */; };
		3A7ED1E01CFC39920077097B /* movieForward@2x.png in Resources */ = {isa = PBXBuildFile; fileRef = 3A7ED1931CFC39920077097B /* movieForward@2x.png */; };
		3A7ED1E11CFC39920077097B /* movieForwardSelected.png in Resources */ = {isa = PBXBuildFile; fileRef = 3A7ED1941CFC39920077097B /* movieForwardSelected.png */; };
		3A7ED1E21CFC39920077097B /* movieForwardSelected@2x.png in Resources */ = {isa = PBXBuildFile; fileRef = 3A7ED1951CFC39920077097B /* movieForwardSelected@2x.png */; };
		3A7ED1E31CFC39920077097B /* movieFullscreen.png in Resources */ = {isa = PBXBuildFile; fileRef = 3A7ED1961CFC39920077097B /* movieFullscreen.png */; };
		3A7ED1E41CFC39920077097B /* movieFullscreen@2x.png in Resources */ = {isa = PBXBuildFile; fileRef = 3A7ED1971CFC39920077097B /* movieFullscreen@2x.png */; };
		3A7ED1E51CFC39920077097B /* moviePause.png in Resources */ = {isa = PBXBuildFile; fileRef = 3A7ED1981CFC39920077097B /* moviePause.png */; };
		3A7ED1E61CFC39920077097B /* moviePause@2x.png in Resources */ = {isa = PBXBuildFile; fileRef = 3A7ED1991CFC39920077097B /* moviePause@2x.png */; };
		3A7ED1E71CFC39920077097B /* moviePlay.png in Resources */ = {isa = PBXBuildFile; fileRef = 3A7ED19A1CFC39920077097B /* moviePlay.png */; };
		3A7ED1E81CFC39920077097B /* moviePlay@2x.png in Resources */ = {isa = PBXBuildFile; fileRef = 3A7ED19B1CFC39920077097B /* moviePlay@2x.png */; };
		3A7ED1E91CFC39920077097B /* CustomPickerView.m in Sources */ = {isa = PBXBuildFile; fileRef = 3A7ED19E1CFC39920077097B /* CustomPickerView.m */; };
		3A7ED1EA1CFC39920077097B /* CustomPickerView.xib in Resources */ = {isa = PBXBuildFile; fileRef = 3A7ED19F1CFC39920077097B /* CustomPickerView.xib */; };
		3A7ED1EB1CFC39920077097B /* UIAlertView+ITTAdditions.m in Sources */ = {isa = PBXBuildFile; fileRef = 3A7ED1A11CFC39920077097B /* UIAlertView+ITTAdditions.m */; };
		3A7ED1EC1CFC39920077097B /* UIView+ITTAdditions.m in Sources */ = {isa = PBXBuildFile; fileRef = 3A7ED1A31CFC39920077097B /* UIView+ITTAdditions.m */; };
		3A7ED1ED1CFC39920077097B /* VHStatisticsStystem.m in Sources */ = {isa = PBXBuildFile; fileRef = 3A7ED1A51CFC39920077097B /* VHStatisticsStystem.m */; };
		3A7ED1EE1CFC39920077097B /* ITTXibView.m in Sources */ = {isa = PBXBuildFile; fileRef = 3A7ED1A81CFC39920077097B /* ITTXibView.m */; };
		3A7ED1EF1CFC39920077097B /* ITTXibViewUtils.m in Sources */ = {isa = PBXBuildFile; fileRef = 3A7ED1AA1CFC39920077097B /* ITTXibViewUtils.m */; };
		3A7ED1F01CFC39920077097B /* MBHUDHelper.m in Sources */ = {isa = PBXBuildFile; fileRef = 3A7ED1AD1CFC39920077097B /* MBHUDHelper.m */; };
		3A7ED1F11CFC39920077097B /* MBProgressHUD.m in Sources */ = {isa = PBXBuildFile; fileRef = 3A7ED1AF1CFC39920077097B /* MBProgressHUD.m */; };
		3A7ED1F21CFC39920077097B /* Reachability.m in Sources */ = {isa = PBXBuildFile; fileRef = 3A7ED1B21CFC39920077097B /* Reachability.m */; };
		3A7ED1F31CFC39920077097B /* MKAnnotationView+WebCache.m in Sources */ = {isa = PBXBuildFile; fileRef = 3A7ED1B51CFC39920077097B /* MKAnnotationView+WebCache.m */; };
		3A7ED1F41CFC39920077097B /* NSData+ImageContentType.m in Sources */ = {isa = PBXBuildFile; fileRef = 3A7ED1B71CFC39920077097B /* NSData+ImageContentType.m */; };
		3A7ED1F51CFC39920077097B /* SDImageCache.m in Sources */ = {isa = PBXBuildFile; fileRef = 3A7ED1B91CFC39920077097B /* SDImageCache.m */; };
		3A7ED1F61CFC39920077097B /* SDWebImageCompat.m in Sources */ = {isa = PBXBuildFile; fileRef = 3A7ED1BB1CFC39920077097B /* SDWebImageCompat.m */; };
		3A7ED1F71CFC39920077097B /* SDWebImageDecoder.m in Sources */ = {isa = PBXBuildFile; fileRef = 3A7ED1BD1CFC39920077097B /* SDWebImageDecoder.m */; };
		3A7ED1F81CFC39920077097B /* SDWebImageDownloader.m in Sources */ = {isa = PBXBuildFile; fileRef = 3A7ED1BF1CFC39920077097B /* SDWebImageDownloader.m */; };
		3A7ED1F91CFC39920077097B /* SDWebImageDownloaderOperation.m in Sources */ = {isa = PBXBuildFile; fileRef = 3A7ED1C11CFC39920077097B /* SDWebImageDownloaderOperation.m */; };
		3A7ED1FA1CFC39920077097B /* SDWebImageManager.m in Sources */ = {isa = PBXBuildFile; fileRef = 3A7ED1C31CFC39920077097B /* SDWebImageManager.m */; };
		3A7ED1FB1CFC39920077097B /* SDWebImagePrefetcher.m in Sources */ = {isa = PBXBuildFile; fileRef = 3A7ED1C61CFC39920077097B /* SDWebImagePrefetcher.m */; };
		3A7ED1FC1CFC39920077097B /* UIButton+WebCache.m in Sources */ = {isa = PBXBuildFile; fileRef = 3A7ED1C81CFC39920077097B /* UIButton+WebCache.m */; };
		3A7ED1FD1CFC39920077097B /* UIImage+GIF.m in Sources */ = {isa = PBXBuildFile; fileRef = 3A7ED1CA1CFC39920077097B /* UIImage+GIF.m */; };
		3A7ED1FE1CFC39920077097B /* UIImage+MultiFormat.m in Sources */ = {isa = PBXBuildFile; fileRef = 3A7ED1CC1CFC39920077097B /* UIImage+MultiFormat.m */; };
		3A7ED1FF1CFC39920077097B /* UIImage+WebP.m in Sources */ = {isa = PBXBuildFile; fileRef = 3A7ED1CE1CFC39920077097B /* UIImage+WebP.m */; };
		3A7ED2001CFC39920077097B /* UIImageView+HighlightedWebCache.m in Sources */ = {isa = PBXBuildFile; fileRef = 3A7ED1D01CFC39920077097B /* UIImageView+HighlightedWebCache.m */; };
		3A7ED2011CFC39920077097B /* UIImageView+WebCache.m in Sources */ = {isa = PBXBuildFile; fileRef = 3A7ED1D21CFC39920077097B /* UIImageView+WebCache.m */; };
		3A7ED2021CFC39920077097B /* UIView+WebCacheOperation.m in Sources */ = {isa = PBXBuildFile; fileRef = 3A7ED1D41CFC39920077097B /* UIView+WebCacheOperation.m */; };
		3A9851701D6EFDB1001EAB12 /* WatchLiveOnlineTableViewCell.m in Sources */ = {isa = PBXBuildFile; fileRef = 3A98516E1D6EFDB1001EAB12 /* WatchLiveOnlineTableViewCell.m */; };
		3A9851711D6EFDB1001EAB12 /* WatchLiveOnlineTableViewCell.xib in Resources */ = {isa = PBXBuildFile; fileRef = 3A98516F1D6EFDB1001EAB12 /* WatchLiveOnlineTableViewCell.xib */; };
		3A9851751D6EFDD5001EAB12 /* WatchLiveChatTableViewCell.m in Sources */ = {isa = PBXBuildFile; fileRef = 3A9851731D6EFDD5001EAB12 /* WatchLiveChatTableViewCell.m */; };
		3A9851761D6EFDD5001EAB12 /* WatchLiveChatTableViewCell.xib in Resources */ = {isa = PBXBuildFile; fileRef = 3A9851741D6EFDD5001EAB12 /* WatchLiveChatTableViewCell.xib */; };
		3A98517A1D6EFDF1001EAB12 /* WatchLiveQATableViewCell.m in Sources */ = {isa = PBXBuildFile; fileRef = 3A9851781D6EFDF1001EAB12 /* WatchLiveQATableViewCell.m */; };
		3A98517B1D6EFDF1001EAB12 /* WatchLiveQATableViewCell.xib in Resources */ = {isa = PBXBuildFile; fileRef = 3A9851791D6EFDF1001EAB12 /* WatchLiveQATableViewCell.xib */; };
		3AC626341D128E2800D94010 /* libVHallSDK.a in Frameworks */ = {isa = PBXBuildFile; fileRef = 3AC6262D1D128E2800D94010 /* libVHallSDK.a */; };
		3AC626351D128E2800D94010 /* libVHLivePlay.a in Frameworks */ = {isa = PBXBuildFile; fileRef = 3AC6262E1D128E2800D94010 /* libVHLivePlay.a */; };
		3AC626361D128E2800D94010 /* libVinnyLive.a in Frameworks */ = {isa = PBXBuildFile; fileRef = 3AC6262F1D128E2800D94010 /* libVinnyLive.a */; };
		40ED5A9D1CBD0CBD0046BF44 /* WatchPlayBackViewController.m in Sources */ = {isa = PBXBuildFile; fileRef = 40ED5A991CBD0CBD0046BF44 /* WatchPlayBackViewController.m */; };
		40ED5A9E1CBD0CBD0046BF44 /* WatchPlayBackViewController.xib in Resources */ = {isa = PBXBuildFile; fileRef = 40ED5A9A1CBD0CBD0046BF44 /* WatchPlayBackViewController.xib */; };
		7B17F0C31C97D8D400FF0C8F /* main.m in Sources */ = {isa = PBXBuildFile; fileRef = 7B17F0C21C97D8D400FF0C8F /* main.m */; };
		7B17F0C61C97D8D400FF0C8F /* AppDelegate.mm in Sources */ = {isa = PBXBuildFile; fileRef = 7B17F0C51C97D8D400FF0C8F /* AppDelegate.mm */; };
		7B17F0D41C97D8D400FF0C8F /* Assets.xcassets in Resources */ = {isa = PBXBuildFile; fileRef = 7B17F0D31C97D8D400FF0C8F /* Assets.xcassets */; };
		7B17F0E61C97DA8D00FF0C8F /* LaunchScreen.storyboard in Resources */ = {isa = PBXBuildFile; fileRef = 7B17F0E51C97DA8D00FF0C8F /* LaunchScreen.storyboard */; };
		7B17F0EA1C97F70A00FF0C8F /* MediaPlayer.framework in Frameworks */ = {isa = PBXBuildFile; fileRef = 7B17F0E91C97F70A00FF0C8F /* MediaPlayer.framework */; };
		7B17F0EC1C97F71400FF0C8F /* AVFoundation.framework in Frameworks */ = {isa = PBXBuildFile; fileRef = 7B17F0EB1C97F71400FF0C8F /* AVFoundation.framework */; };
		7B17F0EE1C97F72100FF0C8F /* VideoToolbox.framework in Frameworks */ = {isa = PBXBuildFile; fileRef = 7B17F0ED1C97F72100FF0C8F /* VideoToolbox.framework */; };
		7B17F0F01C97F72D00FF0C8F /* AssetsLibrary.framework in Frameworks */ = {isa = PBXBuildFile; fileRef = 7B17F0EF1C97F72D00FF0C8F /* AssetsLibrary.framework */; };
		7B17F0F21C97F73700FF0C8F /* OpenAL.framework in Frameworks */ = {isa = PBXBuildFile; fileRef = 7B17F0F11C97F73700FF0C8F /* OpenAL.framework */; };
		7B17F0F41C97F74100FF0C8F /* OpenGLES.framework in Frameworks */ = {isa = PBXBuildFile; fileRef = 7B17F0F31C97F74100FF0C8F /* OpenGLES.framework */; };
		7B17F0F61C97F74B00FF0C8F /* QuartzCore.framework in Frameworks */ = {isa = PBXBuildFile; fileRef = 7B17F0F51C97F74B00FF0C8F /* QuartzCore.framework */; };
		7B17F0F81C97F75900FF0C8F /* CoreMedia.framework in Frameworks */ = {isa = PBXBuildFile; fileRef = 7B17F0F71C97F75900FF0C8F /* CoreMedia.framework */; };
		7B17F0FA1C97F7A400FF0C8F /* CoreTelephony.framework in Frameworks */ = {isa = PBXBuildFile; fileRef = 7B17F0F91C97F7A400FF0C8F /* CoreTelephony.framework */; };
		7B17F0FC1C97F7CB00FF0C8F /* libz.tbd in Frameworks */ = {isa = PBXBuildFile; fileRef = 7B17F0FB1C97F7CB00FF0C8F /* libz.tbd */; };
		7B17F0FE1C97F7D800FF0C8F /* libbz2.1.0.tbd in Frameworks */ = {isa = PBXBuildFile; fileRef = 7B17F0FD1C97F7D800FF0C8F /* libbz2.1.0.tbd */; };
		7B17F1001C97F81200FF0C8F /* libiconv.tbd in Frameworks */ = {isa = PBXBuildFile; fileRef = 7B17F0FF1C97F81200FF0C8F /* libiconv.tbd */; };
		7B17F12C1C97FA2300FF0C8F /* BaseViewController.m in Sources */ = {isa = PBXBuildFile; fileRef = 7B17F1221C97FA2300FF0C8F /* BaseViewController.m */; };
		7B17F12D1C97FA2300FF0C8F /* MainViewController.m in Sources */ = {isa = PBXBuildFile; fileRef = 7B17F1241C97FA2300FF0C8F /* MainViewController.m */; };
		7B17F12E1C97FA2300FF0C8F /* MainViewController.xib in Resources */ = {isa = PBXBuildFile; fileRef = 7B17F1251C97FA2300FF0C8F /* MainViewController.xib */; };
		7B17F12F1C97FA2300FF0C8F /* LaunchLiveViewController.m in Sources */ = {isa = PBXBuildFile; fileRef = 7B17F1271C97FA2300FF0C8F /* LaunchLiveViewController.m */; };
		C004029A1CDCBAE1009D4C33 /* JavaScriptCore.framework in Frameworks */ = {isa = PBXBuildFile; fileRef = C00402991CDCBAE1009D4C33 /* JavaScriptCore.framework */; };
		C005BE791DB4E7480088B564 /* WatchLiveLotteryTableViewCell.m in Sources */ = {isa = PBXBuildFile; fileRef = C005BE741DB4E7480088B564 /* WatchLiveLotteryTableViewCell.m */; };
		C005BE7A1DB4E7480088B564 /* WatchLiveLotteryTableViewCell.xib in Resources */ = {isa = PBXBuildFile; fileRef = C005BE751DB4E7480088B564 /* WatchLiveLotteryTableViewCell.xib */; };
		C005BE7B1DB4E7480088B564 /* WatchLiveLotteryViewController.m in Sources */ = {isa = PBXBuildFile; fileRef = C005BE771DB4E7480088B564 /* WatchLiveLotteryViewController.m */; };
		C005BE7C1DB4E7480088B564 /* WatchLiveLotteryViewController.xib in Resources */ = {isa = PBXBuildFile; fileRef = C005BE781DB4E7480088B564 /* WatchLiveLotteryViewController.xib */; };
		C01B74F21D6D4F1C00B28C75 /* WatchLiveViewController.m in Sources */ = {isa = PBXBuildFile; fileRef = C01B74F01D6D4F1C00B28C75 /* WatchLiveViewController.m */; };
		C01B74F31D6D4F1C00B28C75 /* WatchLiveViewController.xib in Resources */ = {isa = PBXBuildFile; fileRef = C01B74F11D6D4F1C00B28C75 /* WatchLiveViewController.xib */; };
		C094724E1D7ED405009C7D65 /* VHallSDKDemo-info.plist in Resources */ = {isa = PBXBuildFile; fileRef = C094724D1D7ED405009C7D65 /* VHallSDKDemo-info.plist */; };
		C094D7631CE3443E00EBB609 /* VHStystemSetting.m in Sources */ = {isa = PBXBuildFile; fileRef = C094D7621CE3443E00EBB609 /* VHStystemSetting.m */; };
		C094D7671CE3574200EBB609 /* SettingViewController.m in Sources */ = {isa = PBXBuildFile; fileRef = C094D7651CE3574200EBB609 /* SettingViewController.m */; };
		C094D7681CE3574200EBB609 /* SettingViewController.xib in Resources */ = {isa = PBXBuildFile; fileRef = C094D7661CE3574200EBB609 /* SettingViewController.xib */; };
		C094D76A1CE4238200EBB609 /* vhallLogo.png in Resources */ = {isa = PBXBuildFile; fileRef = C094D7691CE4238200EBB609 /* vhallLogo.png */; };
/* End PBXBuildFile section */

/* Begin PBXFileReference section */
		3A4C41351D780D4F00934CD6 /* LaunchLiveViewController.xib */ = {isa = PBXFileReference; fileEncoding = 4; lastKnownFileType = file.xib; path = LaunchLiveViewController.xib; sourceTree = "<group>"; };
		3A7ED1831CFC39920077097B /* ALAirplayView.h */ = {isa = PBXFileReference; fileEncoding = 4; lastKnownFileType = sourcecode.c.h; path = ALAirplayView.h; sourceTree = "<group>"; };
		3A7ED1841CFC39920077097B /* ALAirplayView.m */ = {isa = PBXFileReference; fileEncoding = 4; lastKnownFileType = sourcecode.c.objc; path = ALAirplayView.m; sourceTree = "<group>"; };
		3A7ED1851CFC39920077097B /* ALButton.h */ = {isa = PBXFileReference; fileEncoding = 4; lastKnownFileType = sourcecode.c.h; path = ALButton.h; sourceTree = "<group>"; };
		3A7ED1861CFC39920077097B /* ALButton.m */ = {isa = PBXFileReference; fileEncoding = 4; lastKnownFileType = sourcecode.c.objc; path = ALButton.m; sourceTree = "<group>"; };
		3A7ED1871CFC39920077097B /* ALMoviePlayerController.h */ = {isa = PBXFileReference; fileEncoding = 4; lastKnownFileType = sourcecode.c.h; path = ALMoviePlayerController.h; sourceTree = "<group>"; };
		3A7ED1881CFC39920077097B /* ALMoviePlayerController.m */ = {isa = PBXFileReference; fileEncoding = 4; lastKnownFileType = sourcecode.c.objc; path = ALMoviePlayerController.m; sourceTree = "<group>"; };
		3A7ED1891CFC39920077097B /* ALMoviePlayerControls.h */ = {isa = PBXFileReference; fileEncoding = 4; lastKnownFileType = sourcecode.c.h; path = ALMoviePlayerControls.h; sourceTree = "<group>"; };
		3A7ED18A1CFC39920077097B /* ALMoviePlayerControls.m */ = {isa = PBXFileReference; fileEncoding = 4; lastKnownFileType = sourcecode.c.objc; path = ALMoviePlayerControls.m; sourceTree = "<group>"; };
		3A7ED18C1CFC39920077097B /* movieBackward.png */ = {isa = PBXFileReference; lastKnownFileType = image.png; path = movieBackward.png; sourceTree = "<group>"; };
		3A7ED18D1CFC39920077097B /* movieBackward@2x.png */ = {isa = PBXFileReference; lastKnownFileType = image.png; path = "movieBackward@2x.png"; sourceTree = "<group>"; };
		3A7ED18E1CFC39920077097B /* movieBackwardSelected.png */ = {isa = PBXFileReference; lastKnownFileType = image.png; path = movieBackwardSelected.png; sourceTree = "<group>"; };
		3A7ED18F1CFC39920077097B /* movieBackwardSelected@2x.png */ = {isa = PBXFileReference; lastKnownFileType = image.png; path = "movieBackwardSelected@2x.png"; sourceTree = "<group>"; };
		3A7ED1901CFC39920077097B /* movieEndFullscreen.png */ = {isa = PBXFileReference; lastKnownFileType = image.png; path = movieEndFullscreen.png; sourceTree = "<group>"; };
		3A7ED1911CFC39920077097B /* movieEndFullscreen@2x.png */ = {isa = PBXFileReference; lastKnownFileType = image.png; path = "movieEndFullscreen@2x.png"; sourceTree = "<group>"; };
		3A7ED1921CFC39920077097B /* movieForward.png */ = {isa = PBXFileReference; lastKnownFileType = image.png; path = movieForward.png; sourceTree = "<group>"; };
		3A7ED1931CFC39920077097B /* movieForward@2x.png */ = {isa = PBXFileReference; lastKnownFileType = image.png; path = "movieForward@2x.png"; sourceTree = "<group>"; };
		3A7ED1941CFC39920077097B /* movieForwardSelected.png */ = {isa = PBXFileReference; lastKnownFileType = image.png; path = movieForwardSelected.png; sourceTree = "<group>"; };
		3A7ED1951CFC39920077097B /* movieForwardSelected@2x.png */ = {isa = PBXFileReference; lastKnownFileType = image.png; path = "movieForwardSelected@2x.png"; sourceTree = "<group>"; };
		3A7ED1961CFC39920077097B /* movieFullscreen.png */ = {isa = PBXFileReference; lastKnownFileType = image.png; path = movieFullscreen.png; sourceTree = "<group>"; };
		3A7ED1971CFC39920077097B /* movieFullscreen@2x.png */ = {isa = PBXFileReference; lastKnownFileType = image.png; path = "movieFullscreen@2x.png"; sourceTree = "<group>"; };
		3A7ED1981CFC39920077097B /* moviePause.png */ = {isa = PBXFileReference; lastKnownFileType = image.png; path = moviePause.png; sourceTree = "<group>"; };
		3A7ED1991CFC39920077097B /* moviePause@2x.png */ = {isa = PBXFileReference; lastKnownFileType = image.png; path = "moviePause@2x.png"; sourceTree = "<group>"; };
		3A7ED19A1CFC39920077097B /* moviePlay.png */ = {isa = PBXFileReference; lastKnownFileType = image.png; path = moviePlay.png; sourceTree = "<group>"; };
		3A7ED19B1CFC39920077097B /* moviePlay@2x.png */ = {isa = PBXFileReference; lastKnownFileType = image.png; path = "moviePlay@2x.png"; sourceTree = "<group>"; };
		3A7ED19D1CFC39920077097B /* CustomPickerView.h */ = {isa = PBXFileReference; fileEncoding = 4; lastKnownFileType = sourcecode.c.h; path = CustomPickerView.h; sourceTree = "<group>"; };
		3A7ED19E1CFC39920077097B /* CustomPickerView.m */ = {isa = PBXFileReference; fileEncoding = 4; lastKnownFileType = sourcecode.c.objc; path = CustomPickerView.m; sourceTree = "<group>"; };
		3A7ED19F1CFC39920077097B /* CustomPickerView.xib */ = {isa = PBXFileReference; fileEncoding = 4; lastKnownFileType = file.xib; path = CustomPickerView.xib; sourceTree = "<group>"; };
		3A7ED1A01CFC39920077097B /* UIAlertView+ITTAdditions.h */ = {isa = PBXFileReference; fileEncoding = 4; lastKnownFileType = sourcecode.c.h; path = "UIAlertView+ITTAdditions.h"; sourceTree = "<group>"; };
		3A7ED1A11CFC39920077097B /* UIAlertView+ITTAdditions.m */ = {isa = PBXFileReference; fileEncoding = 4; lastKnownFileType = sourcecode.c.objc; path = "UIAlertView+ITTAdditions.m"; sourceTree = "<group>"; };
		3A7ED1A21CFC39920077097B /* UIView+ITTAdditions.h */ = {isa = PBXFileReference; fileEncoding = 4; lastKnownFileType = sourcecode.c.h; path = "UIView+ITTAdditions.h"; sourceTree = "<group>"; };
		3A7ED1A31CFC39920077097B /* UIView+ITTAdditions.m */ = {isa = PBXFileReference; fileEncoding = 4; lastKnownFileType = sourcecode.c.objc; path = "UIView+ITTAdditions.m"; sourceTree = "<group>"; };
		3A7ED1A41CFC39920077097B /* VHStatisticsStystem.h */ = {isa = PBXFileReference; fileEncoding = 4; lastKnownFileType = sourcecode.c.h; path = VHStatisticsStystem.h; sourceTree = "<group>"; };
		3A7ED1A51CFC39920077097B /* VHStatisticsStystem.m */ = {isa = PBXFileReference; fileEncoding = 4; lastKnownFileType = sourcecode.c.objc; path = VHStatisticsStystem.m; sourceTree = "<group>"; };
		3A7ED1A71CFC39920077097B /* ITTXibView.h */ = {isa = PBXFileReference; fileEncoding = 4; lastKnownFileType = sourcecode.c.h; path = ITTXibView.h; sourceTree = "<group>"; };
		3A7ED1A81CFC39920077097B /* ITTXibView.m */ = {isa = PBXFileReference; fileEncoding = 4; lastKnownFileType = sourcecode.c.objc; path = ITTXibView.m; sourceTree = "<group>"; };
		3A7ED1A91CFC39920077097B /* ITTXibViewUtils.h */ = {isa = PBXFileReference; fileEncoding = 4; lastKnownFileType = sourcecode.c.h; path = ITTXibViewUtils.h; sourceTree = "<group>"; };
		3A7ED1AA1CFC39920077097B /* ITTXibViewUtils.m */ = {isa = PBXFileReference; fileEncoding = 4; lastKnownFileType = sourcecode.c.objc; path = ITTXibViewUtils.m; sourceTree = "<group>"; };
		3A7ED1AC1CFC39920077097B /* MBHUDHelper.h */ = {isa = PBXFileReference; fileEncoding = 4; lastKnownFileType = sourcecode.c.h; path = MBHUDHelper.h; sourceTree = "<group>"; };
		3A7ED1AD1CFC39920077097B /* MBHUDHelper.m */ = {isa = PBXFileReference; fileEncoding = 4; lastKnownFileType = sourcecode.c.objc; path = MBHUDHelper.m; sourceTree = "<group>"; };
		3A7ED1AE1CFC39920077097B /* MBProgressHUD.h */ = {isa = PBXFileReference; fileEncoding = 4; lastKnownFileType = sourcecode.c.h; path = MBProgressHUD.h; sourceTree = "<group>"; };
		3A7ED1AF1CFC39920077097B /* MBProgressHUD.m */ = {isa = PBXFileReference; fileEncoding = 4; lastKnownFileType = sourcecode.c.objc; path = MBProgressHUD.m; sourceTree = "<group>"; };
		3A7ED1B11CFC39920077097B /* Reachability.h */ = {isa = PBXFileReference; fileEncoding = 4; lastKnownFileType = sourcecode.c.h; path = Reachability.h; sourceTree = "<group>"; };
		3A7ED1B21CFC39920077097B /* Reachability.m */ = {isa = PBXFileReference; fileEncoding = 4; lastKnownFileType = sourcecode.c.objc; path = Reachability.m; sourceTree = "<group>"; };
		3A7ED1B41CFC39920077097B /* MKAnnotationView+WebCache.h */ = {isa = PBXFileReference; fileEncoding = 4; lastKnownFileType = sourcecode.c.h; path = "MKAnnotationView+WebCache.h"; sourceTree = "<group>"; };
		3A7ED1B51CFC39920077097B /* MKAnnotationView+WebCache.m */ = {isa = PBXFileReference; fileEncoding = 4; lastKnownFileType = sourcecode.c.objc; path = "MKAnnotationView+WebCache.m"; sourceTree = "<group>"; };
		3A7ED1B61CFC39920077097B /* NSData+ImageContentType.h */ = {isa = PBXFileReference; fileEncoding = 4; lastKnownFileType = sourcecode.c.h; path = "NSData+ImageContentType.h"; sourceTree = "<group>"; };
		3A7ED1B71CFC39920077097B /* NSData+ImageContentType.m */ = {isa = PBXFileReference; fileEncoding = 4; lastKnownFileType = sourcecode.c.objc; path = "NSData+ImageContentType.m"; sourceTree = "<group>"; };
		3A7ED1B81CFC39920077097B /* SDImageCache.h */ = {isa = PBXFileReference; fileEncoding = 4; lastKnownFileType = sourcecode.c.h; path = SDImageCache.h; sourceTree = "<group>"; };
		3A7ED1B91CFC39920077097B /* SDImageCache.m */ = {isa = PBXFileReference; fileEncoding = 4; lastKnownFileType = sourcecode.c.objc; path = SDImageCache.m; sourceTree = "<group>"; };
		3A7ED1BA1CFC39920077097B /* SDWebImageCompat.h */ = {isa = PBXFileReference; fileEncoding = 4; lastKnownFileType = sourcecode.c.h; path = SDWebImageCompat.h; sourceTree = "<group>"; };
		3A7ED1BB1CFC39920077097B /* SDWebImageCompat.m */ = {isa = PBXFileReference; fileEncoding = 4; lastKnownFileType = sourcecode.c.objc; path = SDWebImageCompat.m; sourceTree = "<group>"; };
		3A7ED1BC1CFC39920077097B /* SDWebImageDecoder.h */ = {isa = PBXFileReference; fileEncoding = 4; lastKnownFileType = sourcecode.c.h; path = SDWebImageDecoder.h; sourceTree = "<group>"; };
		3A7ED1BD1CFC39920077097B /* SDWebImageDecoder.m */ = {isa = PBXFileReference; fileEncoding = 4; lastKnownFileType = sourcecode.c.objc; path = SDWebImageDecoder.m; sourceTree = "<group>"; };
		3A7ED1BE1CFC39920077097B /* SDWebImageDownloader.h */ = {isa = PBXFileReference; fileEncoding = 4; lastKnownFileType = sourcecode.c.h; path = SDWebImageDownloader.h; sourceTree = "<group>"; };
		3A7ED1BF1CFC39920077097B /* SDWebImageDownloader.m */ = {isa = PBXFileReference; fileEncoding = 4; lastKnownFileType = sourcecode.c.objc; path = SDWebImageDownloader.m; sourceTree = "<group>"; };
		3A7ED1C01CFC39920077097B /* SDWebImageDownloaderOperation.h */ = {isa = PBXFileReference; fileEncoding = 4; lastKnownFileType = sourcecode.c.h; path = SDWebImageDownloaderOperation.h; sourceTree = "<group>"; };
		3A7ED1C11CFC39920077097B /* SDWebImageDownloaderOperation.m */ = {isa = PBXFileReference; fileEncoding = 4; lastKnownFileType = sourcecode.c.objc; path = SDWebImageDownloaderOperation.m; sourceTree = "<group>"; };
		3A7ED1C21CFC39920077097B /* SDWebImageManager.h */ = {isa = PBXFileReference; fileEncoding = 4; lastKnownFileType = sourcecode.c.h; path = SDWebImageManager.h; sourceTree = "<group>"; };
		3A7ED1C31CFC39920077097B /* SDWebImageManager.m */ = {isa = PBXFileReference; fileEncoding = 4; lastKnownFileType = sourcecode.c.objc; path = SDWebImageManager.m; sourceTree = "<group>"; };
		3A7ED1C41CFC39920077097B /* SDWebImageOperation.h */ = {isa = PBXFileReference; fileEncoding = 4; lastKnownFileType = sourcecode.c.h; path = SDWebImageOperation.h; sourceTree = "<group>"; };
		3A7ED1C51CFC39920077097B /* SDWebImagePrefetcher.h */ = {isa = PBXFileReference; fileEncoding = 4; lastKnownFileType = sourcecode.c.h; path = SDWebImagePrefetcher.h; sourceTree = "<group>"; };
		3A7ED1C61CFC39920077097B /* SDWebImagePrefetcher.m */ = {isa = PBXFileReference; fileEncoding = 4; lastKnownFileType = sourcecode.c.objc; path = SDWebImagePrefetcher.m; sourceTree = "<group>"; };
		3A7ED1C71CFC39920077097B /* UIButton+WebCache.h */ = {isa = PBXFileReference; fileEncoding = 4; lastKnownFileType = sourcecode.c.h; path = "UIButton+WebCache.h"; sourceTree = "<group>"; };
		3A7ED1C81CFC39920077097B /* UIButton+WebCache.m */ = {isa = PBXFileReference; fileEncoding = 4; lastKnownFileType = sourcecode.c.objc; path = "UIButton+WebCache.m"; sourceTree = "<group>"; };
		3A7ED1C91CFC39920077097B /* UIImage+GIF.h */ = {isa = PBXFileReference; fileEncoding = 4; lastKnownFileType = sourcecode.c.h; path = "UIImage+GIF.h"; sourceTree = "<group>"; };
		3A7ED1CA1CFC39920077097B /* UIImage+GIF.m */ = {isa = PBXFileReference; fileEncoding = 4; lastKnownFileType = sourcecode.c.objc; path = "UIImage+GIF.m"; sourceTree = "<group>"; };
		3A7ED1CB1CFC39920077097B /* UIImage+MultiFormat.h */ = {isa = PBXFileReference; fileEncoding = 4; lastKnownFileType = sourcecode.c.h; path = "UIImage+MultiFormat.h"; sourceTree = "<group>"; };
		3A7ED1CC1CFC39920077097B /* UIImage+MultiFormat.m */ = {isa = PBXFileReference; fileEncoding = 4; lastKnownFileType = sourcecode.c.objc; path = "UIImage+MultiFormat.m"; sourceTree = "<group>"; };
		3A7ED1CD1CFC39920077097B /* UIImage+WebP.h */ = {isa = PBXFileReference; fileEncoding = 4; lastKnownFileType = sourcecode.c.h; path = "UIImage+WebP.h"; sourceTree = "<group>"; };
		3A7ED1CE1CFC39920077097B /* UIImage+WebP.m */ = {isa = PBXFileReference; fileEncoding = 4; lastKnownFileType = sourcecode.c.objc; path = "UIImage+WebP.m"; sourceTree = "<group>"; };
		3A7ED1CF1CFC39920077097B /* UIImageView+HighlightedWebCache.h */ = {isa = PBXFileReference; fileEncoding = 4; lastKnownFileType = sourcecode.c.h; path = "UIImageView+HighlightedWebCache.h"; sourceTree = "<group>"; };
		3A7ED1D01CFC39920077097B /* UIImageView+HighlightedWebCache.m */ = {isa = PBXFileReference; fileEncoding = 4; lastKnownFileType = sourcecode.c.objc; path = "UIImageView+HighlightedWebCache.m"; sourceTree = "<group>"; };
		3A7ED1D11CFC39920077097B /* UIImageView+WebCache.h */ = {isa = PBXFileReference; fileEncoding = 4; lastKnownFileType = sourcecode.c.h; path = "UIImageView+WebCache.h"; sourceTree = "<group>"; };
		3A7ED1D21CFC39920077097B /* UIImageView+WebCache.m */ = {isa = PBXFileReference; fileEncoding = 4; lastKnownFileType = sourcecode.c.objc; path = "UIImageView+WebCache.m"; sourceTree = "<group>"; };
		3A7ED1D31CFC39920077097B /* UIView+WebCacheOperation.h */ = {isa = PBXFileReference; fileEncoding = 4; lastKnownFileType = sourcecode.c.h; path = "UIView+WebCacheOperation.h"; sourceTree = "<group>"; };
		3A7ED1D41CFC39920077097B /* UIView+WebCacheOperation.m */ = {isa = PBXFileReference; fileEncoding = 4; lastKnownFileType = sourcecode.c.objc; path = "UIView+WebCacheOperation.m"; sourceTree = "<group>"; };
		3A98516D1D6EFDB1001EAB12 /* WatchLiveOnlineTableViewCell.h */ = {isa = PBXFileReference; fileEncoding = 4; lastKnownFileType = sourcecode.c.h; path = WatchLiveOnlineTableViewCell.h; sourceTree = "<group>"; };
		3A98516E1D6EFDB1001EAB12 /* WatchLiveOnlineTableViewCell.m */ = {isa = PBXFileReference; fileEncoding = 4; lastKnownFileType = sourcecode.c.objc; path = WatchLiveOnlineTableViewCell.m; sourceTree = "<group>"; };
		3A98516F1D6EFDB1001EAB12 /* WatchLiveOnlineTableViewCell.xib */ = {isa = PBXFileReference; fileEncoding = 4; lastKnownFileType = file.xib; path = WatchLiveOnlineTableViewCell.xib; sourceTree = "<group>"; };
		3A9851721D6EFDD5001EAB12 /* WatchLiveChatTableViewCell.h */ = {isa = PBXFileReference; fileEncoding = 4; lastKnownFileType = sourcecode.c.h; path = WatchLiveChatTableViewCell.h; sourceTree = "<group>"; };
		3A9851731D6EFDD5001EAB12 /* WatchLiveChatTableViewCell.m */ = {isa = PBXFileReference; fileEncoding = 4; lastKnownFileType = sourcecode.c.objc; path = WatchLiveChatTableViewCell.m; sourceTree = "<group>"; };
		3A9851741D6EFDD5001EAB12 /* WatchLiveChatTableViewCell.xib */ = {isa = PBXFileReference; fileEncoding = 4; lastKnownFileType = file.xib; path = WatchLiveChatTableViewCell.xib; sourceTree = "<group>"; };
		3A9851771D6EFDF1001EAB12 /* WatchLiveQATableViewCell.h */ = {isa = PBXFileReference; fileEncoding = 4; lastKnownFileType = sourcecode.c.h; path = WatchLiveQATableViewCell.h; sourceTree = "<group>"; };
		3A9851781D6EFDF1001EAB12 /* WatchLiveQATableViewCell.m */ = {isa = PBXFileReference; fileEncoding = 4; lastKnownFileType = sourcecode.c.objc; path = WatchLiveQATableViewCell.m; sourceTree = "<group>"; };
		3A9851791D6EFDF1001EAB12 /* WatchLiveQATableViewCell.xib */ = {isa = PBXFileReference; fileEncoding = 4; lastKnownFileType = file.xib; path = WatchLiveQATableViewCell.xib; sourceTree = "<group>"; };
		3AC6262D1D128E2800D94010 /* libVHallSDK.a */ = {isa = PBXFileReference; lastKnownFileType = archive.ar; path = libVHallSDK.a; sourceTree = "<group>"; };
		3AC6262E1D128E2800D94010 /* libVHLivePlay.a */ = {isa = PBXFileReference; lastKnownFileType = archive.ar; path = libVHLivePlay.a; sourceTree = "<group>"; };
		3AC6262F1D128E2800D94010 /* libVinnyLive.a */ = {isa = PBXFileReference; lastKnownFileType = archive.ar; path = libVinnyLive.a; sourceTree = "<group>"; };
		40ED5A981CBD0CBD0046BF44 /* WatchPlayBackViewController.h */ = {isa = PBXFileReference; fileEncoding = 4; lastKnownFileType = sourcecode.c.h; path = WatchPlayBackViewController.h; sourceTree = "<group>"; };
		40ED5A991CBD0CBD0046BF44 /* WatchPlayBackViewController.m */ = {isa = PBXFileReference; fileEncoding = 4; lastKnownFileType = sourcecode.c.objc; path = WatchPlayBackViewController.m; sourceTree = "<group>"; };
		40ED5A9A1CBD0CBD0046BF44 /* WatchPlayBackViewController.xib */ = {isa = PBXFileReference; fileEncoding = 4; lastKnownFileType = file.xib; path = WatchPlayBackViewController.xib; sourceTree = "<group>"; };
		7B0D748E1C98F8410056C445 /* VHallOpenSDKTest-Info.plist */ = {isa = PBXFileReference; fileEncoding = 4; lastKnownFileType = text.plist.xml; path = "VHallOpenSDKTest-Info.plist"; sourceTree = "<group>"; };
		7B17F0BE1C97D8D400FF0C8F /* VHallSDKDemo.app */ = {isa = PBXFileReference; explicitFileType = wrapper.application; includeInIndex = 0; path = VHallSDKDemo.app; sourceTree = BUILT_PRODUCTS_DIR; };
		7B17F0C21C97D8D400FF0C8F /* main.m */ = {isa = PBXFileReference; lastKnownFileType = sourcecode.c.objc; path = main.m; sourceTree = "<group>"; };
		7B17F0C41C97D8D400FF0C8F /* AppDelegate.h */ = {isa = PBXFileReference; lastKnownFileType = sourcecode.c.h; path = AppDelegate.h; sourceTree = "<group>"; };
		7B17F0C51C97D8D400FF0C8F /* AppDelegate.mm */ = {isa = PBXFileReference; lastKnownFileType = sourcecode.cpp.objcpp; path = AppDelegate.mm; sourceTree = "<group>"; };
		7B17F0D31C97D8D400FF0C8F /* Assets.xcassets */ = {isa = PBXFileReference; lastKnownFileType = folder.assetcatalog; path = Assets.xcassets; sourceTree = "<group>"; };
		7B17F0E51C97DA8D00FF0C8F /* LaunchScreen.storyboard */ = {isa = PBXFileReference; fileEncoding = 4; lastKnownFileType = file.storyboard; path = LaunchScreen.storyboard; sourceTree = "<group>"; };
		7B17F0E91C97F70A00FF0C8F /* MediaPlayer.framework */ = {isa = PBXFileReference; lastKnownFileType = wrapper.framework; name = MediaPlayer.framework; path = System/Library/Frameworks/MediaPlayer.framework; sourceTree = SDKROOT; };
		7B17F0EB1C97F71400FF0C8F /* AVFoundation.framework */ = {isa = PBXFileReference; lastKnownFileType = wrapper.framework; name = AVFoundation.framework; path = System/Library/Frameworks/AVFoundation.framework; sourceTree = SDKROOT; };
		7B17F0ED1C97F72100FF0C8F /* VideoToolbox.framework */ = {isa = PBXFileReference; lastKnownFileType = wrapper.framework; name = VideoToolbox.framework; path = System/Library/Frameworks/VideoToolbox.framework; sourceTree = SDKROOT; };
		7B17F0EF1C97F72D00FF0C8F /* AssetsLibrary.framework */ = {isa = PBXFileReference; lastKnownFileType = wrapper.framework; name = AssetsLibrary.framework; path = System/Library/Frameworks/AssetsLibrary.framework; sourceTree = SDKROOT; };
		7B17F0F11C97F73700FF0C8F /* OpenAL.framework */ = {isa = PBXFileReference; lastKnownFileType = wrapper.framework; name = OpenAL.framework; path = System/Library/Frameworks/OpenAL.framework; sourceTree = SDKROOT; };
		7B17F0F31C97F74100FF0C8F /* OpenGLES.framework */ = {isa = PBXFileReference; lastKnownFileType = wrapper.framework; name = OpenGLES.framework; path = System/Library/Frameworks/OpenGLES.framework; sourceTree = SDKROOT; };
		7B17F0F51C97F74B00FF0C8F /* QuartzCore.framework */ = {isa = PBXFileReference; lastKnownFileType = wrapper.framework; name = QuartzCore.framework; path = System/Library/Frameworks/QuartzCore.framework; sourceTree = SDKROOT; };
		7B17F0F71C97F75900FF0C8F /* CoreMedia.framework */ = {isa = PBXFileReference; lastKnownFileType = wrapper.framework; name = CoreMedia.framework; path = System/Library/Frameworks/CoreMedia.framework; sourceTree = SDKROOT; };
		7B17F0F91C97F7A400FF0C8F /* CoreTelephony.framework */ = {isa = PBXFileReference; lastKnownFileType = wrapper.framework; name = CoreTelephony.framework; path = System/Library/Frameworks/CoreTelephony.framework; sourceTree = SDKROOT; };
		7B17F0FB1C97F7CB00FF0C8F /* libz.tbd */ = {isa = PBXFileReference; lastKnownFileType = "sourcecode.text-based-dylib-definition"; name = libz.tbd; path = usr/lib/libz.tbd; sourceTree = SDKROOT; };
		7B17F0FD1C97F7D800FF0C8F /* libbz2.1.0.tbd */ = {isa = PBXFileReference; lastKnownFileType = "sourcecode.text-based-dylib-definition"; name = libbz2.1.0.tbd; path = usr/lib/libbz2.1.0.tbd; sourceTree = SDKROOT; };
		7B17F0FF1C97F81200FF0C8F /* libiconv.tbd */ = {isa = PBXFileReference; lastKnownFileType = "sourcecode.text-based-dylib-definition"; name = libiconv.tbd; path = usr/lib/libiconv.tbd; sourceTree = SDKROOT; };
		7B17F1211C97FA2300FF0C8F /* BaseViewController.h */ = {isa = PBXFileReference; fileEncoding = 4; lastKnownFileType = sourcecode.c.h; path = BaseViewController.h; sourceTree = "<group>"; };
		7B17F1221C97FA2300FF0C8F /* BaseViewController.m */ = {isa = PBXFileReference; fileEncoding = 4; lastKnownFileType = sourcecode.c.objc; path = BaseViewController.m; sourceTree = "<group>"; };
		7B17F1231C97FA2300FF0C8F /* MainViewController.h */ = {isa = PBXFileReference; fileEncoding = 4; lastKnownFileType = sourcecode.c.h; path = MainViewController.h; sourceTree = "<group>"; };
		7B17F1241C97FA2300FF0C8F /* MainViewController.m */ = {isa = PBXFileReference; fileEncoding = 4; lastKnownFileType = sourcecode.c.objc; path = MainViewController.m; sourceTree = "<group>"; };
		7B17F1251C97FA2300FF0C8F /* MainViewController.xib */ = {isa = PBXFileReference; fileEncoding = 4; lastKnownFileType = file.xib; path = MainViewController.xib; sourceTree = "<group>"; };
		7B17F1261C97FA2300FF0C8F /* LaunchLiveViewController.h */ = {isa = PBXFileReference; fileEncoding = 4; lastKnownFileType = sourcecode.c.h; path = LaunchLiveViewController.h; sourceTree = "<group>"; };
		7B17F1271C97FA2300FF0C8F /* LaunchLiveViewController.m */ = {isa = PBXFileReference; fileEncoding = 4; lastKnownFileType = sourcecode.c.objc; path = LaunchLiveViewController.m; sourceTree = "<group>"; };
		7B17F1801C97FBDB00FF0C8F /* VHallSDKDemo-Prefix.pch */ = {isa = PBXFileReference; lastKnownFileType = sourcecode.c.h; path = "VHallSDKDemo-Prefix.pch"; sourceTree = "<group>"; };
		C00402991CDCBAE1009D4C33 /* JavaScriptCore.framework */ = {isa = PBXFileReference; lastKnownFileType = wrapper.framework; name = JavaScriptCore.framework; path = System/Library/Frameworks/JavaScriptCore.framework; sourceTree = SDKROOT; };
		C005BE731DB4E7480088B564 /* WatchLiveLotteryTableViewCell.h */ = {isa = PBXFileReference; fileEncoding = 4; lastKnownFileType = sourcecode.c.h; path = WatchLiveLotteryTableViewCell.h; sourceTree = "<group>"; };
		C005BE741DB4E7480088B564 /* WatchLiveLotteryTableViewCell.m */ = {isa = PBXFileReference; fileEncoding = 4; lastKnownFileType = sourcecode.c.objc; path = WatchLiveLotteryTableViewCell.m; sourceTree = "<group>"; };
		C005BE751DB4E7480088B564 /* WatchLiveLotteryTableViewCell.xib */ = {isa = PBXFileReference; fileEncoding = 4; lastKnownFileType = file.xib; path = WatchLiveLotteryTableViewCell.xib; sourceTree = "<group>"; };
		C005BE761DB4E7480088B564 /* WatchLiveLotteryViewController.h */ = {isa = PBXFileReference; fileEncoding = 4; lastKnownFileType = sourcecode.c.h; path = WatchLiveLotteryViewController.h; sourceTree = "<group>"; };
		C005BE771DB4E7480088B564 /* WatchLiveLotteryViewController.m */ = {isa = PBXFileReference; fileEncoding = 4; lastKnownFileType = sourcecode.c.objc; path = WatchLiveLotteryViewController.m; sourceTree = "<group>"; };
		C005BE781DB4E7480088B564 /* WatchLiveLotteryViewController.xib */ = {isa = PBXFileReference; fileEncoding = 4; lastKnownFileType = file.xib; path = WatchLiveLotteryViewController.xib; sourceTree = "<group>"; };
		C005BF5F1DB60B810088B564 /* CameraEngineRtmp.h */ = {isa = PBXFileReference; lastKnownFileType = sourcecode.c.h; path = CameraEngineRtmp.h; sourceTree = "<group>"; };
		C005BF601DB60B810088B564 /* OpenCONSTS.h */ = {isa = PBXFileReference; lastKnownFileType = sourcecode.c.h; path = OpenCONSTS.h; sourceTree = "<group>"; };
		C005BF611DB60B810088B564 /* VHallApi.h */ = {isa = PBXFileReference; lastKnownFileType = sourcecode.c.h; path = VHallApi.h; sourceTree = "<group>"; };
		C005BF621DB60B810088B564 /* VHallChat.h */ = {isa = PBXFileReference; lastKnownFileType = sourcecode.c.h; path = VHallChat.h; sourceTree = "<group>"; };
		C005BF631DB60B810088B564 /* VHallLivePublish.h */ = {isa = PBXFileReference; lastKnownFileType = sourcecode.c.h; path = VHallLivePublish.h; sourceTree = "<group>"; };
		C005BF641DB60B810088B564 /* VHallLottery.h */ = {isa = PBXFileReference; lastKnownFileType = sourcecode.c.h; path = VHallLottery.h; sourceTree = "<group>"; };
		C005BF651DB60B810088B564 /* VHallMoviePlayer.h */ = {isa = PBXFileReference; lastKnownFileType = sourcecode.c.h; path = VHallMoviePlayer.h; sourceTree = "<group>"; };
		C005BF661DB60B810088B564 /* VHallMsgModels.h */ = {isa = PBXFileReference; lastKnownFileType = sourcecode.c.h; path = VHallMsgModels.h; sourceTree = "<group>"; };
		C005BF671DB60B810088B564 /* VHallQAndA.h */ = {isa = PBXFileReference; lastKnownFileType = sourcecode.c.h; path = VHallQAndA.h; sourceTree = "<group>"; };
		C005BF681DB60B810088B564 /* VHMoviePlayer.h */ = {isa = PBXFileReference; lastKnownFileType = sourcecode.c.h; path = VHMoviePlayer.h; sourceTree = "<group>"; };
		C01B74EF1D6D4F1C00B28C75 /* WatchLiveViewController.h */ = {isa = PBXFileReference; fileEncoding = 4; lastKnownFileType = sourcecode.c.h; path = WatchLiveViewController.h; sourceTree = "<group>"; };
		C01B74F01D6D4F1C00B28C75 /* WatchLiveViewController.m */ = {isa = PBXFileReference; fileEncoding = 4; lastKnownFileType = sourcecode.c.objc; path = WatchLiveViewController.m; sourceTree = "<group>"; };
		C01B74F11D6D4F1C00B28C75 /* WatchLiveViewController.xib */ = {isa = PBXFileReference; fileEncoding = 4; lastKnownFileType = file.xib; path = WatchLiveViewController.xib; sourceTree = "<group>"; };
		C094724D1D7ED405009C7D65 /* VHallSDKDemo-info.plist */ = {isa = PBXFileReference; fileEncoding = 4; lastKnownFileType = text.plist.xml; path = "VHallSDKDemo-info.plist"; sourceTree = "<group>"; };
		C094725E1D7FCBD1009C7D65 /* CONSTS.h */ = {isa = PBXFileReference; lastKnownFileType = sourcecode.c.h; path = CONSTS.h; sourceTree = "<group>"; };
		C094D7611CE3443E00EBB609 /* VHStystemSetting.h */ = {isa = PBXFileReference; fileEncoding = 4; lastKnownFileType = sourcecode.c.h; path = VHStystemSetting.h; sourceTree = "<group>"; };
		C094D7621CE3443E00EBB609 /* VHStystemSetting.m */ = {isa = PBXFileReference; fileEncoding = 4; lastKnownFileType = sourcecode.c.objc; path = VHStystemSetting.m; sourceTree = "<group>"; };
		C094D7641CE3574200EBB609 /* SettingViewController.h */ = {isa = PBXFileReference; fileEncoding = 4; lastKnownFileType = sourcecode.c.h; path = SettingViewController.h; sourceTree = "<group>"; };
		C094D7651CE3574200EBB609 /* SettingViewController.m */ = {isa = PBXFileReference; fileEncoding = 4; lastKnownFileType = sourcecode.c.objc; path = SettingViewController.m; sourceTree = "<group>"; };
		C094D7661CE3574200EBB609 /* SettingViewController.xib */ = {isa = PBXFileReference; fileEncoding = 4; lastKnownFileType = file.xib; path = SettingViewController.xib; sourceTree = "<group>"; };
		C094D7691CE4238200EBB609 /* vhallLogo.png */ = {isa = PBXFileReference; lastKnownFileType = image.png; path = vhallLogo.png; sourceTree = "<group>"; };
/* End PBXFileReference section */

/* Begin PBXFrameworksBuildPhase section */
		7B17F0BB1C97D8D400FF0C8F /* Frameworks */ = {
			isa = PBXFrameworksBuildPhase;
			buildActionMask = 2147483647;
			files = (
				C004029A1CDCBAE1009D4C33 /* JavaScriptCore.framework in Frameworks */,
				7B17F1001C97F81200FF0C8F /* libiconv.tbd in Frameworks */,
				7B17F0FE1C97F7D800FF0C8F /* libbz2.1.0.tbd in Frameworks */,
				7B17F0FC1C97F7CB00FF0C8F /* libz.tbd in Frameworks */,
				7B17F0FA1C97F7A400FF0C8F /* CoreTelephony.framework in Frameworks */,
				7B17F0F81C97F75900FF0C8F /* CoreMedia.framework in Frameworks */,
				7B17F0F61C97F74B00FF0C8F /* QuartzCore.framework in Frameworks */,
				7B17F0F41C97F74100FF0C8F /* OpenGLES.framework in Frameworks */,
				3AC626361D128E2800D94010 /* libVinnyLive.a in Frameworks */,
				7B17F0F21C97F73700FF0C8F /* OpenAL.framework in Frameworks */,
				7B17F0F01C97F72D00FF0C8F /* AssetsLibrary.framework in Frameworks */,
				7B17F0EE1C97F72100FF0C8F /* VideoToolbox.framework in Frameworks */,
				7B17F0EC1C97F71400FF0C8F /* AVFoundation.framework in Frameworks */,
				3AC626341D128E2800D94010 /* libVHallSDK.a in Frameworks */,
				3AC626351D128E2800D94010 /* libVHLivePlay.a in Frameworks */,
				7B17F0EA1C97F70A00FF0C8F /* MediaPlayer.framework in Frameworks */,
			);
			runOnlyForDeploymentPostprocessing = 0;
		};
/* End PBXFrameworksBuildPhase section */

/* Begin PBXGroup section */
		3A7ED1811CFC39920077097B /* libs */ = {
			isa = PBXGroup;
			children = (
				3A7ED2031CFC39E00077097B /* VHallSDK */,
				3A7ED1821CFC39920077097B /* ALMoviePlayerController */,
				3A7ED19C1CFC39920077097B /* Common */,
				3A7ED1AB1CFC39920077097B /* MBProgressHUD */,
				3A7ED1B01CFC39920077097B /* Reachability */,
				3A7ED1B31CFC39920077097B /* SDWebImage */,
			);
			path = libs;
			sourceTree = "<group>";
		};
		3A7ED1821CFC39920077097B /* ALMoviePlayerController */ = {
			isa = PBXGroup;
			children = (
				3A7ED1831CFC39920077097B /* ALAirplayView.h */,
				3A7ED1841CFC39920077097B /* ALAirplayView.m */,
				3A7ED1851CFC39920077097B /* ALButton.h */,
				3A7ED1861CFC39920077097B /* ALButton.m */,
				3A7ED1871CFC39920077097B /* ALMoviePlayerController.h */,
				3A7ED1881CFC39920077097B /* ALMoviePlayerController.m */,
				3A7ED1891CFC39920077097B /* ALMoviePlayerControls.h */,
				3A7ED18A1CFC39920077097B /* ALMoviePlayerControls.m */,
				3A7ED18B1CFC39920077097B /* Images */,
			);
			path = ALMoviePlayerController;
			sourceTree = "<group>";
		};
		3A7ED18B1CFC39920077097B /* Images */ = {
			isa = PBXGroup;
			children = (
				3A7ED18C1CFC39920077097B /* movieBackward.png */,
				3A7ED18D1CFC39920077097B /* movieBackward@2x.png */,
				3A7ED18E1CFC39920077097B /* movieBackwardSelected.png */,
				3A7ED18F1CFC39920077097B /* movieBackwardSelected@2x.png */,
				3A7ED1901CFC39920077097B /* movieEndFullscreen.png */,
				3A7ED1911CFC39920077097B /* movieEndFullscreen@2x.png */,
				3A7ED1921CFC39920077097B /* movieForward.png */,
				3A7ED1931CFC39920077097B /* movieForward@2x.png */,
				3A7ED1941CFC39920077097B /* movieForwardSelected.png */,
				3A7ED1951CFC39920077097B /* movieForwardSelected@2x.png */,
				3A7ED1961CFC39920077097B /* movieFullscreen.png */,
				3A7ED1971CFC39920077097B /* movieFullscreen@2x.png */,
				3A7ED1981CFC39920077097B /* moviePause.png */,
				3A7ED1991CFC39920077097B /* moviePause@2x.png */,
				3A7ED19A1CFC39920077097B /* moviePlay.png */,
				3A7ED19B1CFC39920077097B /* moviePlay@2x.png */,
			);
			path = Images;
			sourceTree = "<group>";
		};
		3A7ED19C1CFC39920077097B /* Common */ = {
			isa = PBXGroup;
			children = (
				3A7ED19D1CFC39920077097B /* CustomPickerView.h */,
				3A7ED19E1CFC39920077097B /* CustomPickerView.m */,
				3A7ED19F1CFC39920077097B /* CustomPickerView.xib */,
				3A7ED1A01CFC39920077097B /* UIAlertView+ITTAdditions.h */,
				3A7ED1A11CFC39920077097B /* UIAlertView+ITTAdditions.m */,
				3A7ED1A21CFC39920077097B /* UIView+ITTAdditions.h */,
				3A7ED1A31CFC39920077097B /* UIView+ITTAdditions.m */,
				3A7ED1A41CFC39920077097B /* VHStatisticsStystem.h */,
				3A7ED1A51CFC39920077097B /* VHStatisticsStystem.m */,
				3A7ED1A61CFC39920077097B /* XIBUtils */,
			);
			path = Common;
			sourceTree = "<group>";
		};
		3A7ED1A61CFC39920077097B /* XIBUtils */ = {
			isa = PBXGroup;
			children = (
				3A7ED1A71CFC39920077097B /* ITTXibView.h */,
				3A7ED1A81CFC39920077097B /* ITTXibView.m */,
				3A7ED1A91CFC39920077097B /* ITTXibViewUtils.h */,
				3A7ED1AA1CFC39920077097B /* ITTXibViewUtils.m */,
			);
			path = XIBUtils;
			sourceTree = "<group>";
		};
		3A7ED1AB1CFC39920077097B /* MBProgressHUD */ = {
			isa = PBXGroup;
			children = (
				3A7ED1AC1CFC39920077097B /* MBHUDHelper.h */,
				3A7ED1AD1CFC39920077097B /* MBHUDHelper.m */,
				3A7ED1AE1CFC39920077097B /* MBProgressHUD.h */,
				3A7ED1AF1CFC39920077097B /* MBProgressHUD.m */,
			);
			path = MBProgressHUD;
			sourceTree = "<group>";
		};
		3A7ED1B01CFC39920077097B /* Reachability */ = {
			isa = PBXGroup;
			children = (
				3A7ED1B11CFC39920077097B /* Reachability.h */,
				3A7ED1B21CFC39920077097B /* Reachability.m */,
			);
			path = Reachability;
			sourceTree = "<group>";
		};
		3A7ED1B31CFC39920077097B /* SDWebImage */ = {
			isa = PBXGroup;
			children = (
				3A7ED1B41CFC39920077097B /* MKAnnotationView+WebCache.h */,
				3A7ED1B51CFC39920077097B /* MKAnnotationView+WebCache.m */,
				3A7ED1B61CFC39920077097B /* NSData+ImageContentType.h */,
				3A7ED1B71CFC39920077097B /* NSData+ImageContentType.m */,
				3A7ED1B81CFC39920077097B /* SDImageCache.h */,
				3A7ED1B91CFC39920077097B /* SDImageCache.m */,
				3A7ED1BA1CFC39920077097B /* SDWebImageCompat.h */,
				3A7ED1BB1CFC39920077097B /* SDWebImageCompat.m */,
				3A7ED1BC1CFC39920077097B /* SDWebImageDecoder.h */,
				3A7ED1BD1CFC39920077097B /* SDWebImageDecoder.m */,
				3A7ED1BE1CFC39920077097B /* SDWebImageDownloader.h */,
				3A7ED1BF1CFC39920077097B /* SDWebImageDownloader.m */,
				3A7ED1C01CFC39920077097B /* SDWebImageDownloaderOperation.h */,
				3A7ED1C11CFC39920077097B /* SDWebImageDownloaderOperation.m */,
				3A7ED1C21CFC39920077097B /* SDWebImageManager.h */,
				3A7ED1C31CFC39920077097B /* SDWebImageManager.m */,
				3A7ED1C41CFC39920077097B /* SDWebImageOperation.h */,
				3A7ED1C51CFC39920077097B /* SDWebImagePrefetcher.h */,
				3A7ED1C61CFC39920077097B /* SDWebImagePrefetcher.m */,
				3A7ED1C71CFC39920077097B /* UIButton+WebCache.h */,
				3A7ED1C81CFC39920077097B /* UIButton+WebCache.m */,
				3A7ED1C91CFC39920077097B /* UIImage+GIF.h */,
				3A7ED1CA1CFC39920077097B /* UIImage+GIF.m */,
				3A7ED1CB1CFC39920077097B /* UIImage+MultiFormat.h */,
				3A7ED1CC1CFC39920077097B /* UIImage+MultiFormat.m */,
				3A7ED1CD1CFC39920077097B /* UIImage+WebP.h */,
				3A7ED1CE1CFC39920077097B /* UIImage+WebP.m */,
				3A7ED1CF1CFC39920077097B /* UIImageView+HighlightedWebCache.h */,
				3A7ED1D01CFC39920077097B /* UIImageView+HighlightedWebCache.m */,
				3A7ED1D11CFC39920077097B /* UIImageView+WebCache.h */,
				3A7ED1D21CFC39920077097B /* UIImageView+WebCache.m */,
				3A7ED1D31CFC39920077097B /* UIView+WebCacheOperation.h */,
				3A7ED1D41CFC39920077097B /* UIView+WebCacheOperation.m */,
			);
			path = SDWebImage;
			sourceTree = "<group>";
		};
		3A7ED2031CFC39E00077097B /* VHallSDK */ = {
			isa = PBXGroup;
			children = (
				C005BF5F1DB60B810088B564 /* CameraEngineRtmp.h */,
				C005BF601DB60B810088B564 /* OpenCONSTS.h */,
				C005BF611DB60B810088B564 /* VHallApi.h */,
				C005BF621DB60B810088B564 /* VHallChat.h */,
				C005BF631DB60B810088B564 /* VHallLivePublish.h */,
				C005BF641DB60B810088B564 /* VHallLottery.h */,
				C005BF651DB60B810088B564 /* VHallMoviePlayer.h */,
				C005BF661DB60B810088B564 /* VHallMsgModels.h */,
				C005BF671DB60B810088B564 /* VHallQAndA.h */,
				C005BF681DB60B810088B564 /* VHMoviePlayer.h */,
				3AC6262D1D128E2800D94010 /* libVHallSDK.a */,
				3AC6262E1D128E2800D94010 /* libVHLivePlay.a */,
				3AC6262F1D128E2800D94010 /* libVinnyLive.a */,
			);
			name = VHallSDK;
			path = ../../../VHallSDK;
			sourceTree = "<group>";
		};
		7B17F0B51C97D8D400FF0C8F = {
			isa = PBXGroup;
			children = (
				7B17F0C01C97D8D400FF0C8F /* VHallSDKDemo */,
				7B17F0BF1C97D8D400FF0C8F /* Products */,
			);
			sourceTree = "<group>";
		};
		7B17F0BF1C97D8D400FF0C8F /* Products */ = {
			isa = PBXGroup;
			children = (
				7B17F0BE1C97D8D400FF0C8F /* VHallSDKDemo.app */,
			);
			name = Products;
			sourceTree = "<group>";
		};
		7B17F0C01C97D8D400FF0C8F /* VHallSDKDemo */ = {
			isa = PBXGroup;
			children = (
				C094725E1D7FCBD1009C7D65 /* CONSTS.h */,
				7B17F0C41C97D8D400FF0C8F /* AppDelegate.h */,
				7B17F0C51C97D8D400FF0C8F /* AppDelegate.mm */,
				7B17F1201C97FA2300FF0C8F /* ViewController */,
				C094D7611CE3443E00EBB609 /* VHStystemSetting.h */,
				C094D7621CE3443E00EBB609 /* VHStystemSetting.m */,
				3A7ED1811CFC39920077097B /* libs */,
				7B17F0D31C97D8D400FF0C8F /* Assets.xcassets */,
				C094D7B31CE4CD2D00EBB609 /* framework */,
				7B17F0C11C97D8D400FF0C8F /* Supporting Files */,
				7B17F0E51C97DA8D00FF0C8F /* LaunchScreen.storyboard */,
			);
			path = VHallSDKDemo;
			sourceTree = "<group>";
		};
		7B17F0C11C97D8D400FF0C8F /* Supporting Files */ = {
			isa = PBXGroup;
			children = (
				C094D7691CE4238200EBB609 /* vhallLogo.png */,
				C094724D1D7ED405009C7D65 /* VHallSDKDemo-info.plist */,
				7B0D748E1C98F8410056C445 /* VHallOpenSDKTest-Info.plist */,
				7B17F0C21C97D8D400FF0C8F /* main.m */,
				7B17F1801C97FBDB00FF0C8F /* VHallSDKDemo-Prefix.pch */,
			);
			name = "Supporting Files";
			sourceTree = "<group>";
		};
		7B17F1201C97FA2300FF0C8F /* ViewController */ = {
			isa = PBXGroup;
			children = (
				7B17F1211C97FA2300FF0C8F /* BaseViewController.h */,
				7B17F1221C97FA2300FF0C8F /* BaseViewController.m */,
				7B17F1231C97FA2300FF0C8F /* MainViewController.h */,
				7B17F1241C97FA2300FF0C8F /* MainViewController.m */,
				7B17F1251C97FA2300FF0C8F /* MainViewController.xib */,
				C01B750E1D6D58A100B28C75 /* 发直播 */,
				C01B750F1D6D58B100B28C75 /* 看直播 */,
				C01B75101D6D58BA00B28C75 /* 看回放 */,
				C01B75111D6D7B6B00B28C75 /* 设置 */,
			);
			path = ViewController;
			sourceTree = "<group>";
		};
		C01B750E1D6D58A100B28C75 /* 发直播 */ = {
			isa = PBXGroup;
			children = (
				7B17F1261C97FA2300FF0C8F /* LaunchLiveViewController.h */,
				7B17F1271C97FA2300FF0C8F /* LaunchLiveViewController.m */,
				3A4C41351D780D4F00934CD6 /* LaunchLiveViewController.xib */,
			);
			name = "发直播";
			sourceTree = "<group>";
		};
		C01B750F1D6D58B100B28C75 /* 看直播 */ = {
			isa = PBXGroup;
			children = (
				C01B74EF1D6D4F1C00B28C75 /* WatchLiveViewController.h */,
				C01B74F01D6D4F1C00B28C75 /* WatchLiveViewController.m */,
				C01B74F11D6D4F1C00B28C75 /* WatchLiveViewController.xib */,
				3A98516D1D6EFDB1001EAB12 /* WatchLiveOnlineTableViewCell.h */,
				3A98516E1D6EFDB1001EAB12 /* WatchLiveOnlineTableViewCell.m */,
				3A98516F1D6EFDB1001EAB12 /* WatchLiveOnlineTableViewCell.xib */,
				3A9851721D6EFDD5001EAB12 /* WatchLiveChatTableViewCell.h */,
				3A9851731D6EFDD5001EAB12 /* WatchLiveChatTableViewCell.m */,
				3A9851741D6EFDD5001EAB12 /* WatchLiveChatTableViewCell.xib */,
				3A9851771D6EFDF1001EAB12 /* WatchLiveQATableViewCell.h */,
				3A9851781D6EFDF1001EAB12 /* WatchLiveQATableViewCell.m */,
				3A9851791D6EFDF1001EAB12 /* WatchLiveQATableViewCell.xib */,
				C005BE761DB4E7480088B564 /* WatchLiveLotteryViewController.h */,
				C005BE771DB4E7480088B564 /* WatchLiveLotteryViewController.m */,
				C005BE781DB4E7480088B564 /* WatchLiveLotteryViewController.xib */,
				C005BE731DB4E7480088B564 /* WatchLiveLotteryTableViewCell.h */,
				C005BE741DB4E7480088B564 /* WatchLiveLotteryTableViewCell.m */,
				C005BE751DB4E7480088B564 /* WatchLiveLotteryTableViewCell.xib */,
			);
			name = "看直播";
			sourceTree = "<group>";
		};
		C01B75101D6D58BA00B28C75 /* 看回放 */ = {
			isa = PBXGroup;
			children = (
				40ED5A981CBD0CBD0046BF44 /* WatchPlayBackViewController.h */,
				40ED5A991CBD0CBD0046BF44 /* WatchPlayBackViewController.m */,
				40ED5A9A1CBD0CBD0046BF44 /* WatchPlayBackViewController.xib */,
			);
			name = "看回放";
			sourceTree = "<group>";
		};
		C01B75111D6D7B6B00B28C75 /* 设置 */ = {
			isa = PBXGroup;
			children = (
				C094D7641CE3574200EBB609 /* SettingViewController.h */,
				C094D7651CE3574200EBB609 /* SettingViewController.m */,
				C094D7661CE3574200EBB609 /* SettingViewController.xib */,
			);
			name = "设置";
			sourceTree = "<group>";
		};
		C094D7B31CE4CD2D00EBB609 /* framework */ = {
			isa = PBXGroup;
			children = (
				7B17F0FF1C97F81200FF0C8F /* libiconv.tbd */,
				7B17F0FD1C97F7D800FF0C8F /* libbz2.1.0.tbd */,
				7B17F0FB1C97F7CB00FF0C8F /* libz.tbd */,
				C00402991CDCBAE1009D4C33 /* JavaScriptCore.framework */,
				7B17F0F91C97F7A400FF0C8F /* CoreTelephony.framework */,
				7B17F0F71C97F75900FF0C8F /* CoreMedia.framework */,
				7B17F0F51C97F74B00FF0C8F /* QuartzCore.framework */,
				7B17F0F31C97F74100FF0C8F /* OpenGLES.framework */,
				7B17F0F11C97F73700FF0C8F /* OpenAL.framework */,
				7B17F0EF1C97F72D00FF0C8F /* AssetsLibrary.framework */,
				7B17F0ED1C97F72100FF0C8F /* VideoToolbox.framework */,
				7B17F0EB1C97F71400FF0C8F /* AVFoundation.framework */,
				7B17F0E91C97F70A00FF0C8F /* MediaPlayer.framework */,
			);
			name = framework;
			sourceTree = "<group>";
		};
/* End PBXGroup section */

/* Begin PBXNativeTarget section */
		7B17F0BD1C97D8D400FF0C8F /* VHallSDKDemo */ = {
			isa = PBXNativeTarget;
			buildConfigurationList = 7B17F0DB1C97D8D400FF0C8F /* Build configuration list for PBXNativeTarget "VHallSDKDemo" */;
			buildPhases = (
				7B17F0BA1C97D8D400FF0C8F /* Sources */,
				7B17F0BC1C97D8D400FF0C8F /* Resources */,
				7B17F0BB1C97D8D400FF0C8F /* Frameworks */,
			);
			buildRules = (
			);
			dependencies = (
			);
			name = VHallSDKDemo;
			productName = VHallSDKDemo;
			productReference = 7B17F0BE1C97D8D400FF0C8F /* VHallSDKDemo.app */;
			productType = "com.apple.product-type.application";
		};
/* End PBXNativeTarget section */

/* Begin PBXProject section */
		7B17F0B61C97D8D400FF0C8F /* Project object */ = {
			isa = PBXProject;
			attributes = {
				LastUpgradeCheck = 0730;
				ORGANIZATIONNAME = vhall;
				TargetAttributes = {
					7B17F0BD1C97D8D400FF0C8F = {
						CreatedOnToolsVersion = 7.2;
						DevelopmentTeam = S82ZX9394G;
					};
				};
			};
			buildConfigurationList = 7B17F0B91C97D8D400FF0C8F /* Build configuration list for PBXProject "VHallSDKDemo" */;
			compatibilityVersion = "Xcode 3.2";
			developmentRegion = English;
			hasScannedForEncodings = 0;
			knownRegions = (
				en,
				Base,
			);
			mainGroup = 7B17F0B51C97D8D400FF0C8F;
			productRefGroup = 7B17F0BF1C97D8D400FF0C8F /* Products */;
			projectDirPath = "";
			projectRoot = "";
			targets = (
				7B17F0BD1C97D8D400FF0C8F /* VHallSDKDemo */,
			);
		};
/* End PBXProject section */

/* Begin PBXResourcesBuildPhase section */
		7B17F0BC1C97D8D400FF0C8F /* Resources */ = {
			isa = PBXResourcesBuildPhase;
			buildActionMask = 2147483647;
			files = (
				3A7ED1DE1CFC39920077097B /* movieEndFullscreen@2x.png in Resources */,
				3A7ED1E41CFC39920077097B /* movieFullscreen@2x.png in Resources */,
				3A7ED1E51CFC39920077097B /* moviePause.png in Resources */,
				C094D76A1CE4238200EBB609 /* vhallLogo.png in Resources */,
				3A7ED1E81CFC39920077097B /* moviePlay@2x.png in Resources */,
				C005BE7A1DB4E7480088B564 /* WatchLiveLotteryTableViewCell.xib in Resources */,
				3A9851761D6EFDD5001EAB12 /* WatchLiveChatTableViewCell.xib in Resources */,
				3A4C41361D780D4F00934CD6 /* LaunchLiveViewController.xib in Resources */,
				3A7ED1E01CFC39920077097B /* movieForward@2x.png in Resources */,
				7B17F0E61C97DA8D00FF0C8F /* LaunchScreen.storyboard in Resources */,
				3A7ED1E61CFC39920077097B /* moviePause@2x.png in Resources */,
				7B17F12E1C97FA2300FF0C8F /* MainViewController.xib in Resources */,
				C01B74F31D6D4F1C00B28C75 /* WatchLiveViewController.xib in Resources */,
				40ED5A9E1CBD0CBD0046BF44 /* WatchPlayBackViewController.xib in Resources */,
				3A7ED1E11CFC39920077097B /* movieForwardSelected.png in Resources */,
				3A9851711D6EFDB1001EAB12 /* WatchLiveOnlineTableViewCell.xib in Resources */,
				3A7ED1DC1CFC39920077097B /* movieBackwardSelected@2x.png in Resources */,
				3A98517B1D6EFDF1001EAB12 /* WatchLiveQATableViewCell.xib in Resources */,
				3A7ED1DB1CFC39920077097B /* movieBackwardSelected.png in Resources */,
				3A7ED1D91CFC39920077097B /* movieBackward.png in Resources */,
				3A7ED1DD1CFC39920077097B /* movieEndFullscreen.png in Resources */,
				3A7ED1E71CFC39920077097B /* moviePlay.png in Resources */,
				7B17F0D41C97D8D400FF0C8F /* Assets.xcassets in Resources */,
				3A7ED1DF1CFC39920077097B /* movieForward.png in Resources */,
				C094D7681CE3574200EBB609 /* SettingViewController.xib in Resources */,
				3A7ED1DA1CFC39920077097B /* movieBackward@2x.png in Resources */,
				3A7ED1E21CFC39920077097B /* movieForwardSelected@2x.png in Resources */,
				C005BE7C1DB4E7480088B564 /* WatchLiveLotteryViewController.xib in Resources */,
				3A7ED1EA1CFC39920077097B /* CustomPickerView.xib in Resources */,
				3A7ED1E31CFC39920077097B /* movieFullscreen.png in Resources */,
				C094724E1D7ED405009C7D65 /* VHallSDKDemo-info.plist in Resources */,
			);
			runOnlyForDeploymentPostprocessing = 0;
		};
/* End PBXResourcesBuildPhase section */

/* Begin PBXSourcesBuildPhase section */
		7B17F0BA1C97D8D400FF0C8F /* Sources */ = {
			isa = PBXSourcesBuildPhase;
			buildActionMask = 2147483647;
			files = (
				3A7ED2021CFC39920077097B /* UIView+WebCacheOperation.m in Sources */,
				3A7ED1D61CFC39920077097B /* ALButton.m in Sources */,
				C094D7671CE3574200EBB609 /* SettingViewController.m in Sources */,
				3A7ED1F41CFC39920077097B /* NSData+ImageContentType.m in Sources */,
				3A7ED2001CFC39920077097B /* UIImageView+HighlightedWebCache.m in Sources */,
				40ED5A9D1CBD0CBD0046BF44 /* WatchPlayBackViewController.m in Sources */,
				3A7ED1F11CFC39920077097B /* MBProgressHUD.m in Sources */,
				3A7ED1F91CFC39920077097B /* SDWebImageDownloaderOperation.m in Sources */,
				3A7ED1FE1CFC39920077097B /* UIImage+MultiFormat.m in Sources */,
				3A7ED1EB1CFC39920077097B /* UIAlertView+ITTAdditions.m in Sources */,
				3A7ED1D81CFC39920077097B /* ALMoviePlayerControls.m in Sources */,
				3A7ED2011CFC39920077097B /* UIImageView+WebCache.m in Sources */,
				3A7ED1F31CFC39920077097B /* MKAnnotationView+WebCache.m in Sources */,
				3A7ED1FF1CFC39920077097B /* UIImage+WebP.m in Sources */,
				3A7ED1EE1CFC39920077097B /* ITTXibView.m in Sources */,
				C01B74F21D6D4F1C00B28C75 /* WatchLiveViewController.m in Sources */,
				3A7ED1E91CFC39920077097B /* CustomPickerView.m in Sources */,
				3A7ED1F21CFC39920077097B /* Reachability.m in Sources */,
				3A7ED1F51CFC39920077097B /* SDImageCache.m in Sources */,
				3A7ED1D51CFC39920077097B /* ALAirplayView.m in Sources */,
				3A7ED1F71CFC39920077097B /* SDWebImageDecoder.m in Sources */,
				7B17F12C1C97FA2300FF0C8F /* BaseViewController.m in Sources */,
				3A7ED1F61CFC39920077097B /* SDWebImageCompat.m in Sources */,
				C005BE7B1DB4E7480088B564 /* WatchLiveLotteryViewController.m in Sources */,
				C005BE791DB4E7480088B564 /* WatchLiveLotteryTableViewCell.m in Sources */,
				7B17F0C61C97D8D400FF0C8F /* AppDelegate.mm in Sources */,
				7B17F12D1C97FA2300FF0C8F /* MainViewController.m in Sources */,
				3A7ED1FC1CFC39920077097B /* UIButton+WebCache.m in Sources */,
				7B17F12F1C97FA2300FF0C8F /* LaunchLiveViewController.m in Sources */,
				3A7ED1D71CFC39920077097B /* ALMoviePlayerController.m in Sources */,
				7B17F0C31C97D8D400FF0C8F /* main.m in Sources */,
				3A7ED1F81CFC39920077097B /* SDWebImageDownloader.m in Sources */,
				3A98517A1D6EFDF1001EAB12 /* WatchLiveQATableViewCell.m in Sources */,
				3A7ED1ED1CFC39920077097B /* VHStatisticsStystem.m in Sources */,
				3A9851701D6EFDB1001EAB12 /* WatchLiveOnlineTableViewCell.m in Sources */,
				3A7ED1FD1CFC39920077097B /* UIImage+GIF.m in Sources */,
				3A7ED1F01CFC39920077097B /* MBHUDHelper.m in Sources */,
				3A7ED1EC1CFC39920077097B /* UIView+ITTAdditions.m in Sources */,
				3A7ED1FA1CFC39920077097B /* SDWebImageManager.m in Sources */,
				C094D7631CE3443E00EBB609 /* VHStystemSetting.m in Sources */,
				3A7ED1EF1CFC39920077097B /* ITTXibViewUtils.m in Sources */,
				3A7ED1FB1CFC39920077097B /* SDWebImagePrefetcher.m in Sources */,
				3A9851751D6EFDD5001EAB12 /* WatchLiveChatTableViewCell.m in Sources */,
			);
			runOnlyForDeploymentPostprocessing = 0;
		};
/* End PBXSourcesBuildPhase section */

/* Begin XCBuildConfiguration section */
		7B17F0D91C97D8D400FF0C8F /* Debug */ = {
			isa = XCBuildConfiguration;
			buildSettings = {
				ALWAYS_SEARCH_USER_PATHS = NO;
				CLANG_CXX_LANGUAGE_STANDARD = "gnu++0x";
				CLANG_CXX_LIBRARY = "libc++";
				CLANG_ENABLE_MODULES = YES;
				CLANG_ENABLE_OBJC_ARC = YES;
				CLANG_WARN_BOOL_CONVERSION = YES;
				CLANG_WARN_CONSTANT_CONVERSION = YES;
				CLANG_WARN_DIRECT_OBJC_ISA_USAGE = YES_ERROR;
				CLANG_WARN_EMPTY_BODY = YES;
				CLANG_WARN_ENUM_CONVERSION = YES;
				CLANG_WARN_INT_CONVERSION = YES;
				CLANG_WARN_OBJC_ROOT_CLASS = YES_ERROR;
				CLANG_WARN_UNREACHABLE_CODE = YES;
				CLANG_WARN__DUPLICATE_METHOD_MATCH = YES;
				CODE_SIGN_IDENTITY = "iPhone Developer";
				"CODE_SIGN_IDENTITY[sdk=iphoneos*]" = "iPhone Developer";
				COPY_PHASE_STRIP = NO;
				DEBUG_INFORMATION_FORMAT = dwarf;
				ENABLE_STRICT_OBJC_MSGSEND = YES;
				ENABLE_TESTABILITY = YES;
				GCC_C_LANGUAGE_STANDARD = gnu99;
				GCC_DYNAMIC_NO_PIC = NO;
				GCC_NO_COMMON_BLOCKS = YES;
				GCC_OPTIMIZATION_LEVEL = 0;
				GCC_PREPROCESSOR_DEFINITIONS = (
					"DEBUG=1",
					"$(inherited)",
				);
				GCC_WARN_64_TO_32_BIT_CONVERSION = YES;
				GCC_WARN_ABOUT_RETURN_TYPE = YES_ERROR;
				GCC_WARN_UNDECLARED_SELECTOR = YES;
				GCC_WARN_UNINITIALIZED_AUTOS = YES_AGGRESSIVE;
				GCC_WARN_UNUSED_FUNCTION = YES;
				GCC_WARN_UNUSED_VARIABLE = YES;
				IPHONEOS_DEPLOYMENT_TARGET = 7.0;
				MTL_ENABLE_DEBUG_INFO = YES;
				ONLY_ACTIVE_ARCH = YES;
				SDKROOT = iphoneos;
			};
			name = Debug;
		};
		7B17F0DA1C97D8D400FF0C8F /* Release */ = {
			isa = XCBuildConfiguration;
			buildSettings = {
				ALWAYS_SEARCH_USER_PATHS = NO;
				CLANG_CXX_LANGUAGE_STANDARD = "gnu++0x";
				CLANG_CXX_LIBRARY = "libc++";
				CLANG_ENABLE_MODULES = YES;
				CLANG_ENABLE_OBJC_ARC = YES;
				CLANG_WARN_BOOL_CONVERSION = YES;
				CLANG_WARN_CONSTANT_CONVERSION = YES;
				CLANG_WARN_DIRECT_OBJC_ISA_USAGE = YES_ERROR;
				CLANG_WARN_EMPTY_BODY = YES;
				CLANG_WARN_ENUM_CONVERSION = YES;
				CLANG_WARN_INT_CONVERSION = YES;
				CLANG_WARN_OBJC_ROOT_CLASS = YES_ERROR;
				CLANG_WARN_UNREACHABLE_CODE = YES;
				CLANG_WARN__DUPLICATE_METHOD_MATCH = YES;
				CODE_SIGN_IDENTITY = "iPhone Developer";
				"CODE_SIGN_IDENTITY[sdk=iphoneos*]" = "iPhone Developer";
				COPY_PHASE_STRIP = NO;
				DEBUG_INFORMATION_FORMAT = "dwarf-with-dsym";
				ENABLE_NS_ASSERTIONS = NO;
				ENABLE_STRICT_OBJC_MSGSEND = YES;
				GCC_C_LANGUAGE_STANDARD = gnu99;
				GCC_NO_COMMON_BLOCKS = YES;
				GCC_WARN_64_TO_32_BIT_CONVERSION = YES;
				GCC_WARN_ABOUT_RETURN_TYPE = YES_ERROR;
				GCC_WARN_UNDECLARED_SELECTOR = YES;
				GCC_WARN_UNINITIALIZED_AUTOS = YES_AGGRESSIVE;
				GCC_WARN_UNUSED_FUNCTION = YES;
				GCC_WARN_UNUSED_VARIABLE = YES;
				IPHONEOS_DEPLOYMENT_TARGET = 7.0;
				MTL_ENABLE_DEBUG_INFO = NO;
				SDKROOT = iphoneos;
				VALIDATE_PRODUCT = YES;
			};
			name = Release;
		};
		7B17F0DC1C97D8D400FF0C8F /* Debug */ = {
			isa = XCBuildConfiguration;
			buildSettings = {
				ASSETCATALOG_COMPILER_APPICON_NAME = AppIcon;
				CODE_SIGN_IDENTITY = "iPhone Developer";
				"CODE_SIGN_IDENTITY[sdk=iphoneos*]" = "iPhone Developer";
				COPYING_PRESERVES_HFS_DATA = NO;
				DEVELOPMENT_TEAM = S82ZX9394G;
				ENABLE_BITCODE = NO;
				FRAMEWORK_SEARCH_PATHS = "";
				GCC_PREFIX_HEADER = "VHallSDKDemo/VHallSDKDemo-Prefix.pch";
				GCC_PREPROCESSOR_DEFINITIONS = "";
				HEADER_SEARCH_PATHS = "$(PROJECT_DIR)/../VHallSDK";
				INFOPLIST_FILE = "VHallSDKDemo/VHallSDKDemo-info.plist";
				IPHONEOS_DEPLOYMENT_TARGET = 7.0;
				LD_NO_PIE = YES;
				LD_RUNPATH_SEARCH_PATHS = "$(inherited) @executable_path/Frameworks";
				LIBRARY_SEARCH_PATHS = (
					"$(inherited)",
					"$(PROJECT_DIR)/../VHallSDK",
					"$(PROJECT_DIR)/../VHallSDK/VHallFilterSDK",
				);
				OTHER_LDFLAGS = "-Objc";
				PRODUCT_BUNDLE_IDENTIFIER = com.vhall.VHallSDKDemo;
				PRODUCT_NAME = VHallSDKDemo;
				PROVISIONING_PROFILE = "";
			};
			name = Debug;
		};
		7B17F0DD1C97D8D400FF0C8F /* Release */ = {
			isa = XCBuildConfiguration;
			buildSettings = {
				ASSETCATALOG_COMPILER_APPICON_NAME = AppIcon;
				CODE_SIGN_IDENTITY = "iPhone Developer";
				"CODE_SIGN_IDENTITY[sdk=iphoneos*]" = "iPhone Developer";
				COPYING_PRESERVES_HFS_DATA = NO;
				DEBUG_INFORMATION_FORMAT = dwarf;
				DEVELOPMENT_TEAM = S82ZX9394G;
				ENABLE_BITCODE = NO;
				FRAMEWORK_SEARCH_PATHS = "";
				GCC_PREFIX_HEADER = "VHallSDKDemo/VHallSDKDemo-Prefix.pch";
				GCC_PREPROCESSOR_DEFINITIONS = "";
				HEADER_SEARCH_PATHS = "$(PROJECT_DIR)/../VHallSDK";
				INFOPLIST_FILE = "VHallSDKDemo/VHallSDKDemo-info.plist";
				IPHONEOS_DEPLOYMENT_TARGET = 7.0;
				LD_NO_PIE = YES;
				LD_RUNPATH_SEARCH_PATHS = "$(inherited) @executable_path/Frameworks";
				LIBRARY_SEARCH_PATHS = (
					"$(inherited)",
					"$(PROJECT_DIR)/../VHallSDK",
					"$(PROJECT_DIR)/../VHallSDK/VHallFilterSDK",
				);
				OTHER_LDFLAGS = "-Objc";
				PRODUCT_BUNDLE_IDENTIFIER = com.vhall.VHallSDKDemo;
				PRODUCT_NAME = VHallSDKDemo;
				PROVISIONING_PROFILE = "";
			};
			name = Release;
		};
/* End XCBuildConfiguration section */

/* Begin XCConfigurationList section */
		7B17F0B91C97D8D400FF0C8F /* Build configuration list for PBXProject "VHallSDKDemo" */ = {
			isa = XCConfigurationList;
			buildConfigurations = (
				7B17F0D91C97D8D400FF0C8F /* Debug */,
				7B17F0DA1C97D8D400FF0C8F /* Release */,
			);
			defaultConfigurationIsVisible = 0;
			defaultConfigurationName = Release;
		};
		7B17F0DB1C97D8D400FF0C8F /* Build configuration list for PBXNativeTarget "VHallSDKDemo" */ = {
			isa = XCConfigurationList;
			buildConfigurations = (
				7B17F0DC1C97D8D400FF0C8F /* Debug */,
				7B17F0DD1C97D8D400FF0C8F /* Release */,
			);
			defaultConfigurationIsVisible = 0;
			defaultConfigurationName = Release;
		};
/* End XCConfigurationList section */
	};
	rootObject = 7B17F0B61C97D8D400FF0C8F /* Project object */;
}
